
Microsoft Visual Studio Solution File, Format Version 12.00
# Visual Studio Version 17
VisualStudioVersion = 17.14.36109.1 d17.14
MinimumVisualStudioVersion = 10.0.40219.1
Project("{FAE04EC0-301F-11D3-BF4B-00C04F79EFBC}") = "ProjetoCadastro", "ProjetoCadastro\ProjetoCadastro.csproj", "{BECF9ED2-46D1-455F-A9D7-DBDA47E0D8DC}"
EndProject
Global
	GlobalSection(SolutionConfigurationPlatforms) = preSolution
		Debug|Any CPU = Debug|Any CPU
		Release|Any CPU = Release|Any CPU
	EndGlobalSection
	GlobalSection(ProjectConfigurationPlatforms) = postSolution
		{BECF9ED2-46D1-455F-A9D7-DBDA47E0D8DC}.Debug|Any CPU.ActiveCfg = Debug|Any CPU
		{BECF9ED2-46D1-455F-A9D7-DBDA47E0D8DC}.Debug|Any CPU.Build.0 = Debug|Any CPU
		{BECF9ED2-46D1-455F-A9D7-DBDA47E0D8DC}.Release|Any CPU.ActiveCfg = Release|Any CPU
		{BECF9ED2-46D1-455F-A9D7-DBDA47E0D8DC}.Release|Any CPU.Build.0 = Release|Any CPU
	EndGlobalSection
	GlobalSection(SolutionProperties) = preSolution
		HideSolutionNode = FALSE
	EndGlobalSection
	GlobalSection(ExtensibilityGlobals) = postSolution
		SolutionGuid = {2133622E-6C5C-4268-B95A-699870B35521}
	EndGlobalSection
EndGlobal
